
Microsoft Visual Studio Solution File, Format Version 12.00
# Visual Studio Version 17
VisualStudioVersion = 17.8.34525.116
MinimumVisualStudioVersion = 10.0.40219.1
Project("{9A19103F-16F7-4668-BE54-9A1E7A4F7556}") = "PosterWeb", "PosterWeb\PosterWeb.csproj", "{215D6D5E-30EB-4AB6-97CC-9F689859383A}"
EndProject
Project("{9A19103F-16F7-4668-BE54-9A1E7A4F7556}") = "PosterModels", "PosterModels\PosterModels.csproj", "{F7B2EE65-C71F-408D-A473-EA16A62368F1}"
EndProject
Project("{9A19103F-16F7-4668-BE54-9A1E7A4F7556}") = "PosterWebDBLibrary", "PosterWebDBContext\PosterWebDBLibrary.csproj", "{0671DDAD-C436-4116-B847-8D13FE1C88EE}"
EndProject
Project("{FAE04EC0-301F-11D3-BF4B-00C04F79EFBC}") = "PostersWebServiceLayer", "PostersWebServiceLayer\PostersWebServiceLayer.csproj", "{D772348B-5A9B-4C40-BF61-7A42AF75DAD2}"
EndProject
Project("{FAE04EC0-301F-11D3-BF4B-00C04F79EFBC}") = "PostersWebDbLayer", "PostersWebDbLayer\PostersWebDbLayer.csproj", "{05CA5A48-1233-4B6A-B7C5-86C610FBFA40}"
EndProject
Global
	GlobalSection(SolutionConfigurationPlatforms) = preSolution
		Debug|Any CPU = Debug|Any CPU
		Release|Any CPU = Release|Any CPU
	EndGlobalSection
	GlobalSection(ProjectConfigurationPlatforms) = postSolution
		{215D6D5E-30EB-4AB6-97CC-9F689859383A}.Debug|Any CPU.ActiveCfg = Debug|Any CPU
		{215D6D5E-30EB-4AB6-97CC-9F689859383A}.Debug|Any CPU.Build.0 = Debug|Any CPU
		{215D6D5E-30EB-4AB6-97CC-9F689859383A}.Release|Any CPU.ActiveCfg = Release|Any CPU
		{215D6D5E-30EB-4AB6-97CC-9F689859383A}.Release|Any CPU.Build.0 = Release|Any CPU
		{F7B2EE65-C71F-408D-A473-EA16A62368F1}.Debug|Any CPU.ActiveCfg = Debug|Any CPU
		{F7B2EE65-C71F-408D-A473-EA16A62368F1}.Debug|Any CPU.Build.0 = Debug|Any CPU
		{F7B2EE65-C71F-408D-A473-EA16A62368F1}.Release|Any CPU.ActiveCfg = Release|Any CPU
		{F7B2EE65-C71F-408D-A473-EA16A62368F1}.Release|Any CPU.Build.0 = Release|Any CPU
		{0671DDAD-C436-4116-B847-8D13FE1C88EE}.Debug|Any CPU.ActiveCfg = Debug|Any CPU
		{0671DDAD-C436-4116-B847-8D13FE1C88EE}.Debug|Any CPU.Build.0 = Debug|Any CPU
		{0671DDAD-C436-4116-B847-8D13FE1C88EE}.Release|Any CPU.ActiveCfg = Release|Any CPU
		{0671DDAD-C436-4116-B847-8D13FE1C88EE}.Release|Any CPU.Build.0 = Release|Any CPU
		{D772348B-5A9B-4C40-BF61-7A42AF75DAD2}.Debug|Any CPU.ActiveCfg = Debug|Any CPU
		{D772348B-5A9B-4C40-BF61-7A42AF75DAD2}.Debug|Any CPU.Build.0 = Debug|Any CPU
		{D772348B-5A9B-4C40-BF61-7A42AF75DAD2}.Release|Any CPU.ActiveCfg = Release|Any CPU
		{D772348B-5A9B-4C40-BF61-7A42AF75DAD2}.Release|Any CPU.Build.0 = Release|Any CPU
		{05CA5A48-1233-4B6A-B7C5-86C610FBFA40}.Debug|Any CPU.ActiveCfg = Debug|Any CPU
		{05CA5A48-1233-4B6A-B7C5-86C610FBFA40}.Debug|Any CPU.Build.0 = Debug|Any CPU
		{05CA5A48-1233-4B6A-B7C5-86C610FBFA40}.Release|Any CPU.ActiveCfg = Release|Any CPU
		{05CA5A48-1233-4B6A-B7C5-86C610FBFA40}.Release|Any CPU.Build.0 = Release|Any CPU
	EndGlobalSection
	GlobalSection(SolutionProperties) = preSolution
		HideSolutionNode = FALSE
	EndGlobalSection
	GlobalSection(ExtensibilityGlobals) = postSolution
		SolutionGuid = {A363A786-E8CE-4633-B2D9-1D09677A4890}
	EndGlobalSection
EndGlobal
